
Microsoft Visual Studio Solution File, Format Version 12.00
# Visual Studio Version 16
VisualStudioVersion = 16.0.30503.244
MinimumVisualStudioVersion = 10.0.40219.1
Project("{FAE04EC0-301F-11D3-BF4B-00C04F79EFBC}") = "HM2", "HM2.csproj", "{99E6CD75-3EEE-45B9-AA63-2D0641F8A01E}"
EndProject
Global
	GlobalSection(SolutionConfigurationPlatforms) = preSolution
		Debug|Any CPU = Debug|Any CPU
		Release|Any CPU = Release|Any CPU
	EndGlobalSection
	GlobalSection(ProjectConfigurationPlatforms) = postSolution
		{99E6CD75-3EEE-45B9-AA63-2D0641F8A01E}.Debug|Any CPU.ActiveCfg = Debug|Any CPU
		{99E6CD75-3EEE-45B9-AA63-2D0641F8A01E}.Debug|Any CPU.Build.0 = Debug|Any CPU
		{99E6CD75-3EEE-45B9-AA63-2D0641F8A01E}.Release|Any CPU.ActiveCfg = Release|Any CPU
		{99E6CD75-3EEE-45B9-AA63-2D0641F8A01E}.Release|Any CPU.Build.0 = Release|Any CPU
	EndGlobalSection
	GlobalSection(SolutionProperties) = preSolution
		HideSolutionNode = FALSE
	EndGlobalSection
	GlobalSection(ExtensibilityGlobals) = postSolution
		SolutionGuid = {183BCC7D-B4F6-4FF5-B60B-021A0BFFB83D}
	EndGlobalSection
EndGlobal
